
Microsoft Visual Studio Solution File, Format Version 12.00
# Visual Studio Version 17
VisualStudioVersion = 17.0.32014.148
MinimumVisualStudioVersion = 10.0.40219.1
Project("{9A19103F-16F7-4668-BE54-9A1E7A4F7556}") = "Tracer.Example", "Tracer.Example\Tracer.Example.csproj", "{5498C28F-285A-46A0-9579-C36C7720F484}"
EndProject
Project("{FAE04EC0-301F-11D3-BF4B-00C04F79EFBC}") = "Tracer.Core", "Tracer.Core\Tracer.Core.csproj", "{5FFD50D5-69C2-4480-87B8-078DC565C987}"
EndProject
Project("{FAE04EC0-301F-11D3-BF4B-00C04F79EFBC}") = "Tracer.Core.Example", "Tracer.Core.Example\Tracer.Core.Example.csproj", "{159CECBB-BE1C-46B2-B3E9-F73DE0B67C63}"
EndProject
Project("{FAE04EC0-301F-11D3-BF4B-00C04F79EFBC}") = "Tracer.Serialization", "Tracer.Serialization\Tracer.Serialization.csproj", "{1F53086C-AC81-47DE-A701-607CFAC05690}"
EndProject
Project("{FAE04EC0-301F-11D3-BF4B-00C04F79EFBC}") = "Tracer.Serialization.Abstractions", "Tracer.Serialization.Abstractions\Tracer.Serialization.Abstractions.csproj", "{92A42079-CB39-4D1C-8F5B-AE51E1590817}"
EndProject
Global
	GlobalSection(SolutionConfigurationPlatforms) = preSolution
		Debug|Any CPU = Debug|Any CPU
		Release|Any CPU = Release|Any CPU
	EndGlobalSection
	GlobalSection(ProjectConfigurationPlatforms) = postSolution
		{5498C28F-285A-46A0-9579-C36C7720F484}.Debug|Any CPU.ActiveCfg = Debug|Any CPU
		{5498C28F-285A-46A0-9579-C36C7720F484}.Debug|Any CPU.Build.0 = Debug|Any CPU
		{5498C28F-285A-46A0-9579-C36C7720F484}.Release|Any CPU.ActiveCfg = Release|Any CPU
		{5498C28F-285A-46A0-9579-C36C7720F484}.Release|Any CPU.Build.0 = Release|Any CPU
		{5FFD50D5-69C2-4480-87B8-078DC565C987}.Debug|Any CPU.ActiveCfg = Debug|Any CPU
		{5FFD50D5-69C2-4480-87B8-078DC565C987}.Debug|Any CPU.Build.0 = Debug|Any CPU
		{5FFD50D5-69C2-4480-87B8-078DC565C987}.Release|Any CPU.ActiveCfg = Release|Any CPU
		{5FFD50D5-69C2-4480-87B8-078DC565C987}.Release|Any CPU.Build.0 = Release|Any CPU
		{159CECBB-BE1C-46B2-B3E9-F73DE0B67C63}.Debug|Any CPU.ActiveCfg = Debug|Any CPU
		{159CECBB-BE1C-46B2-B3E9-F73DE0B67C63}.Debug|Any CPU.Build.0 = Debug|Any CPU
		{159CECBB-BE1C-46B2-B3E9-F73DE0B67C63}.Release|Any CPU.ActiveCfg = Release|Any CPU
		{159CECBB-BE1C-46B2-B3E9-F73DE0B67C63}.Release|Any CPU.Build.0 = Release|Any CPU
		{1F53086C-AC81-47DE-A701-607CFAC05690}.Debug|Any CPU.ActiveCfg = Debug|Any CPU
		{1F53086C-AC81-47DE-A701-607CFAC05690}.Debug|Any CPU.Build.0 = Debug|Any CPU
		{1F53086C-AC81-47DE-A701-607CFAC05690}.Release|Any CPU.ActiveCfg = Release|Any CPU
		{1F53086C-AC81-47DE-A701-607CFAC05690}.Release|Any CPU.Build.0 = Release|Any CPU
		{92A42079-CB39-4D1C-8F5B-AE51E1590817}.Debug|Any CPU.ActiveCfg = Debug|Any CPU
		{92A42079-CB39-4D1C-8F5B-AE51E1590817}.Debug|Any CPU.Build.0 = Debug|Any CPU
		{92A42079-CB39-4D1C-8F5B-AE51E1590817}.Release|Any CPU.ActiveCfg = Release|Any CPU
		{92A42079-CB39-4D1C-8F5B-AE51E1590817}.Release|Any CPU.Build.0 = Release|Any CPU
	EndGlobalSection
	GlobalSection(SolutionProperties) = preSolution
		HideSolutionNode = FALSE
	EndGlobalSection
	GlobalSection(ExtensibilityGlobals) = postSolution
		SolutionGuid = {9085EDA5-3ABE-457E-BC69-822291FE3541}
	EndGlobalSection
EndGlobal
